
Microsoft Visual Studio Solution File, Format Version 12.00
# Visual Studio Version 17
VisualStudioVersion = 17.11.35327.3
MinimumVisualStudioVersion = 10.0.40219.1
Project("{FAE04EC0-301F-11D3-BF4B-00C04F79EFBC}") = "WebAPI", "WebAPI\WebAPI.csproj", "{4716034E-B8F2-4676-8D97-FBBF6357C3BD}"
EndProject
Project("{FAE04EC0-301F-11D3-BF4B-00C04F79EFBC}") = "Mare_Bogdan_Lab11", "Mare_Bogdan_Lab11\Mare_Bogdan_Lab11.csproj", "{0638DDF5-C790-497C-8982-FBF3BFC3F6A8}"
EndProject
Global
	GlobalSection(SolutionConfigurationPlatforms) = preSolution
		Debug|Any CPU = Debug|Any CPU
		Release|Any CPU = Release|Any CPU
	EndGlobalSection
	GlobalSection(ProjectConfigurationPlatforms) = postSolution
		{4716034E-B8F2-4676-8D97-FBBF6357C3BD}.Debug|Any CPU.ActiveCfg = Debug|Any CPU
		{4716034E-B8F2-4676-8D97-FBBF6357C3BD}.Debug|Any CPU.Build.0 = Debug|Any CPU
		{4716034E-B8F2-4676-8D97-FBBF6357C3BD}.Release|Any CPU.ActiveCfg = Release|Any CPU
		{4716034E-B8F2-4676-8D97-FBBF6357C3BD}.Release|Any CPU.Build.0 = Release|Any CPU
		{0638DDF5-C790-497C-8982-FBF3BFC3F6A8}.Debug|Any CPU.ActiveCfg = Debug|Any CPU
		{0638DDF5-C790-497C-8982-FBF3BFC3F6A8}.Debug|Any CPU.Build.0 = Debug|Any CPU
		{0638DDF5-C790-497C-8982-FBF3BFC3F6A8}.Debug|Any CPU.Deploy.0 = Debug|Any CPU
		{0638DDF5-C790-497C-8982-FBF3BFC3F6A8}.Release|Any CPU.ActiveCfg = Release|Any CPU
		{0638DDF5-C790-497C-8982-FBF3BFC3F6A8}.Release|Any CPU.Build.0 = Release|Any CPU
		{0638DDF5-C790-497C-8982-FBF3BFC3F6A8}.Release|Any CPU.Deploy.0 = Release|Any CPU
	EndGlobalSection
	GlobalSection(SolutionProperties) = preSolution
		HideSolutionNode = FALSE
	EndGlobalSection
	GlobalSection(ExtensibilityGlobals) = postSolution
		SolutionGuid = {36E6B707-85A3-46C6-BB55-AA49CA4AFB43}
	EndGlobalSection
EndGlobal
